
Microsoft Visual Studio Solution File, Format Version 12.00
# Visual Studio Version 17
VisualStudioVersion = 17.14.36310.24 d17.14
MinimumVisualStudioVersion = 10.0.40219.1
Project("{FAE04EC0-301F-11D3-BF4B-00C04F79EFBC}") = "Test", "Test\Test.csproj", "{76022873-995B-4337-B245-404B991AE4CA}"
EndProject
Global
	GlobalSection(SolutionConfigurationPlatforms) = preSolution
		Debug|Any CPU = Debug|Any CPU
		Release|Any CPU = Release|Any CPU
	EndGlobalSection
	GlobalSection(ProjectConfigurationPlatforms) = postSolution
		{76022873-995B-4337-B245-404B991AE4CA}.Debug|Any CPU.ActiveCfg = Debug|Any CPU
		{76022873-995B-4337-B245-404B991AE4CA}.Debug|Any CPU.Build.0 = Debug|Any CPU
		{76022873-995B-4337-B245-404B991AE4CA}.Release|Any CPU.ActiveCfg = Release|Any CPU
		{76022873-995B-4337-B245-404B991AE4CA}.Release|Any CPU.Build.0 = Release|Any CPU
	EndGlobalSection
	GlobalSection(SolutionProperties) = preSolution
		HideSolutionNode = FALSE
	EndGlobalSection
	GlobalSection(ExtensibilityGlobals) = postSolution
		SolutionGuid = {DB17BCA1-0158-40BA-9A83-9450E70990BB}
	EndGlobalSection
EndGlobal
